
Microsoft Visual Studio Solution File, Format Version 12.00
# Visual Studio Version 16
VisualStudioVersion = 16.0.31410.357
MinimumVisualStudioVersion = 10.0.40219.1
Project("{FAE04EC0-301F-11D3-BF4B-00C04F79EFBC}") = "DataGridandNavBinding", "DataGridandNavBinding\DataGridandNavBinding.csproj", "{8AB470F7-8517-4BD1-AF2D-DFC2269C95F0}"
EndProject
Global
	GlobalSection(SolutionConfigurationPlatforms) = preSolution
		Debug|Any CPU = Debug|Any CPU
		Release|Any CPU = Release|Any CPU
	EndGlobalSection
	GlobalSection(ProjectConfigurationPlatforms) = postSolution
		{8AB470F7-8517-4BD1-AF2D-DFC2269C95F0}.Debug|Any CPU.ActiveCfg = Debug|Any CPU
		{8AB470F7-8517-4BD1-AF2D-DFC2269C95F0}.Debug|Any CPU.Build.0 = Debug|Any CPU
		{8AB470F7-8517-4BD1-AF2D-DFC2269C95F0}.Release|Any CPU.ActiveCfg = Release|Any CPU
		{8AB470F7-8517-4BD1-AF2D-DFC2269C95F0}.Release|Any CPU.Build.0 = Release|Any CPU
	EndGlobalSection
	GlobalSection(SolutionProperties) = preSolution
		HideSolutionNode = FALSE
	EndGlobalSection
	GlobalSection(ExtensibilityGlobals) = postSolution
		SolutionGuid = {7C8DCDC0-7393-41F6-B3C6-718A5606126A}
	EndGlobalSection
EndGlobal
